
Microsoft Visual Studio Solution File, Format Version 12.00
# Visual Studio Version 17
VisualStudioVersion = 17.7.34031.279
MinimumVisualStudioVersion = 10.0.40219.1
Project("{9A19103F-16F7-4668-BE54-9A1E7A4F7556}") = "UserAPI.Business", "Business\UserAPI.Business.csproj", "{2C76F499-659A-4558-9E61-CE8A5352BDB0}"
EndProject
Project("{9A19103F-16F7-4668-BE54-9A1E7A4F7556}") = "UserAPI.Connectors", "Connectors\UserAPI.Connectors.csproj", "{1E973A22-B1E1-47CD-AA49-4653468DF83B}"
EndProject
Project("{9A19103F-16F7-4668-BE54-9A1E7A4F7556}") = "UserAPI.Entity", "Entity\UserAPI.Entity.csproj", "{CCA40D62-A6B6-4CDB-96FF-9919467E78FB}"
EndProject
Project("{9A19103F-16F7-4668-BE54-9A1E7A4F7556}") = "PersonalizeFIT.UserAPI", "Application\PersonalizeFIT.UserAPI.csproj", "{16805485-EBB8-42AC-8A8A-533E38CC7C8C}"
EndProject
Project("{2150E333-8FDC-42A3-9474-1A3956D46DE8}") = "Services", "Services", "{DDFB3E27-CFA0-4E7F-9058-FA3E7F16441D}"
EndProject
Project("{2150E333-8FDC-42A3-9474-1A3956D46DE8}") = "Users", "Users", "{F9AB7488-C21B-4A0B-AE84-56A51DA786A2}"
EndProject
Project("{2150E333-8FDC-42A3-9474-1A3956D46DE8}") = "Exercise", "Exercise", "{A2260523-4920-4A76-A948-9EDADC3EDBF2}"
EndProject
Project("{2150E333-8FDC-42A3-9474-1A3956D46DE8}") = "Training", "Training", "{D38B716E-ED54-422C-9B09-EFC9077109E0}"
EndProject
Project("{9A19103F-16F7-4668-BE54-9A1E7A4F7556}") = "ExerciseAPI.Entity", "ExerciseAPI.Entity\ExerciseAPI.Entity.csproj", "{E9187D7E-5291-48BA-A7F0-6A7A62D4512C}"
EndProject
Project("{9A19103F-16F7-4668-BE54-9A1E7A4F7556}") = "ExerciseAPI.Business", "ExerciseAPI.Business\ExerciseAPI.Business.csproj", "{7F332D38-A169-47BB-BF20-6BFE3A41F7D3}"
EndProject
Project("{9A19103F-16F7-4668-BE54-9A1E7A4F7556}") = "ExerciseAPI.Connectors", "ExerciseAPI.Connectors\ExerciseAPI.Connectors.csproj", "{77C15513-BFB5-43D7-A35A-C84A68482DC7}"
EndProject
Project("{9A19103F-16F7-4668-BE54-9A1E7A4F7556}") = "TrainingAPI.Business", "TrainingAPI.Business\TrainingAPI.Business.csproj", "{AA41D91B-D639-4DC0-9418-72C693520B89}"
EndProject
Project("{9A19103F-16F7-4668-BE54-9A1E7A4F7556}") = "TrainingAPI.Entity", "TrainingAPI.Entity\TrainingAPI.Entity.csproj", "{D72E6716-CDF2-4813-9089-D84156200EFF}"
EndProject
Project("{9A19103F-16F7-4668-BE54-9A1E7A4F7556}") = "TrainingAPI.Connectors", "TrainingAPI.Connectors\TrainingAPI.Connectors.csproj", "{12857B0D-62A8-4F5C-9266-E98335533E62}"
EndProject
Project("{9A19103F-16F7-4668-BE54-9A1E7A4F7556}") = "PersonalizeFIT.TrainingAPI", "PersonalizeFIT.TrainingAPI\PersonalizeFIT.TrainingAPI.csproj", "{2F0A33CA-D7D1-4F3A-A0FD-0D4707D31324}"
EndProject
Project("{FAE04EC0-301F-11D3-BF4B-00C04F79EFBC}") = "PersonalizeFIT.ExerciseAPI", "PersonalizeFIT.ExerciseAPI\PersonalizeFIT.ExerciseAPI.csproj", "{FCA13B95-7018-464C-BE9C-638D3FE03541}"
EndProject
Global
	GlobalSection(SolutionConfigurationPlatforms) = preSolution
		Debug|Any CPU = Debug|Any CPU
		Release|Any CPU = Release|Any CPU
	EndGlobalSection
	GlobalSection(ProjectConfigurationPlatforms) = postSolution
		{2C76F499-659A-4558-9E61-CE8A5352BDB0}.Debug|Any CPU.ActiveCfg = Debug|Any CPU
		{2C76F499-659A-4558-9E61-CE8A5352BDB0}.Debug|Any CPU.Build.0 = Debug|Any CPU
		{2C76F499-659A-4558-9E61-CE8A5352BDB0}.Release|Any CPU.ActiveCfg = Release|Any CPU
		{2C76F499-659A-4558-9E61-CE8A5352BDB0}.Release|Any CPU.Build.0 = Release|Any CPU
		{1E973A22-B1E1-47CD-AA49-4653468DF83B}.Debug|Any CPU.ActiveCfg = Debug|Any CPU
		{1E973A22-B1E1-47CD-AA49-4653468DF83B}.Debug|Any CPU.Build.0 = Debug|Any CPU
		{1E973A22-B1E1-47CD-AA49-4653468DF83B}.Release|Any CPU.ActiveCfg = Release|Any CPU
		{1E973A22-B1E1-47CD-AA49-4653468DF83B}.Release|Any CPU.Build.0 = Release|Any CPU
		{CCA40D62-A6B6-4CDB-96FF-9919467E78FB}.Debug|Any CPU.ActiveCfg = Debug|Any CPU
		{CCA40D62-A6B6-4CDB-96FF-9919467E78FB}.Debug|Any CPU.Build.0 = Debug|Any CPU
		{CCA40D62-A6B6-4CDB-96FF-9919467E78FB}.Release|Any CPU.ActiveCfg = Release|Any CPU
		{CCA40D62-A6B6-4CDB-96FF-9919467E78FB}.Release|Any CPU.Build.0 = Release|Any CPU
		{16805485-EBB8-42AC-8A8A-533E38CC7C8C}.Debug|Any CPU.ActiveCfg = Debug|Any CPU
		{16805485-EBB8-42AC-8A8A-533E38CC7C8C}.Debug|Any CPU.Build.0 = Debug|Any CPU
		{16805485-EBB8-42AC-8A8A-533E38CC7C8C}.Release|Any CPU.ActiveCfg = Release|Any CPU
		{16805485-EBB8-42AC-8A8A-533E38CC7C8C}.Release|Any CPU.Build.0 = Release|Any CPU
		{E9187D7E-5291-48BA-A7F0-6A7A62D4512C}.Debug|Any CPU.ActiveCfg = Debug|Any CPU
		{E9187D7E-5291-48BA-A7F0-6A7A62D4512C}.Debug|Any CPU.Build.0 = Debug|Any CPU
		{E9187D7E-5291-48BA-A7F0-6A7A62D4512C}.Release|Any CPU.ActiveCfg = Release|Any CPU
		{E9187D7E-5291-48BA-A7F0-6A7A62D4512C}.Release|Any CPU.Build.0 = Release|Any CPU
		{7F332D38-A169-47BB-BF20-6BFE3A41F7D3}.Debug|Any CPU.ActiveCfg = Debug|Any CPU
		{7F332D38-A169-47BB-BF20-6BFE3A41F7D3}.Debug|Any CPU.Build.0 = Debug|Any CPU
		{7F332D38-A169-47BB-BF20-6BFE3A41F7D3}.Release|Any CPU.ActiveCfg = Release|Any CPU
		{7F332D38-A169-47BB-BF20-6BFE3A41F7D3}.Release|Any CPU.Build.0 = Release|Any CPU
		{77C15513-BFB5-43D7-A35A-C84A68482DC7}.Debug|Any CPU.ActiveCfg = Debug|Any CPU
		{77C15513-BFB5-43D7-A35A-C84A68482DC7}.Debug|Any CPU.Build.0 = Debug|Any CPU
		{77C15513-BFB5-43D7-A35A-C84A68482DC7}.Release|Any CPU.ActiveCfg = Release|Any CPU
		{77C15513-BFB5-43D7-A35A-C84A68482DC7}.Release|Any CPU.Build.0 = Release|Any CPU
		{AA41D91B-D639-4DC0-9418-72C693520B89}.Debug|Any CPU.ActiveCfg = Debug|Any CPU
		{AA41D91B-D639-4DC0-9418-72C693520B89}.Debug|Any CPU.Build.0 = Debug|Any CPU
		{AA41D91B-D639-4DC0-9418-72C693520B89}.Release|Any CPU.ActiveCfg = Release|Any CPU
		{AA41D91B-D639-4DC0-9418-72C693520B89}.Release|Any CPU.Build.0 = Release|Any CPU
		{D72E6716-CDF2-4813-9089-D84156200EFF}.Debug|Any CPU.ActiveCfg = Debug|Any CPU
		{D72E6716-CDF2-4813-9089-D84156200EFF}.Debug|Any CPU.Build.0 = Debug|Any CPU
		{D72E6716-CDF2-4813-9089-D84156200EFF}.Release|Any CPU.ActiveCfg = Release|Any CPU
		{D72E6716-CDF2-4813-9089-D84156200EFF}.Release|Any CPU.Build.0 = Release|Any CPU
		{12857B0D-62A8-4F5C-9266-E98335533E62}.Debug|Any CPU.ActiveCfg = Debug|Any CPU
		{12857B0D-62A8-4F5C-9266-E98335533E62}.Debug|Any CPU.Build.0 = Debug|Any CPU
		{12857B0D-62A8-4F5C-9266-E98335533E62}.Release|Any CPU.ActiveCfg = Release|Any CPU
		{12857B0D-62A8-4F5C-9266-E98335533E62}.Release|Any CPU.Build.0 = Release|Any CPU
		{2F0A33CA-D7D1-4F3A-A0FD-0D4707D31324}.Debug|Any CPU.ActiveCfg = Debug|Any CPU
		{2F0A33CA-D7D1-4F3A-A0FD-0D4707D31324}.Debug|Any CPU.Build.0 = Debug|Any CPU
		{2F0A33CA-D7D1-4F3A-A0FD-0D4707D31324}.Release|Any CPU.ActiveCfg = Release|Any CPU
		{2F0A33CA-D7D1-4F3A-A0FD-0D4707D31324}.Release|Any CPU.Build.0 = Release|Any CPU
		{FCA13B95-7018-464C-BE9C-638D3FE03541}.Debug|Any CPU.ActiveCfg = Debug|Any CPU
		{FCA13B95-7018-464C-BE9C-638D3FE03541}.Debug|Any CPU.Build.0 = Debug|Any CPU
		{FCA13B95-7018-464C-BE9C-638D3FE03541}.Release|Any CPU.ActiveCfg = Release|Any CPU
		{FCA13B95-7018-464C-BE9C-638D3FE03541}.Release|Any CPU.Build.0 = Release|Any CPU
	EndGlobalSection
	GlobalSection(SolutionProperties) = preSolution
		HideSolutionNode = FALSE
	EndGlobalSection
	GlobalSection(NestedProjects) = preSolution
		{2C76F499-659A-4558-9E61-CE8A5352BDB0} = {F9AB7488-C21B-4A0B-AE84-56A51DA786A2}
		{1E973A22-B1E1-47CD-AA49-4653468DF83B} = {F9AB7488-C21B-4A0B-AE84-56A51DA786A2}
		{CCA40D62-A6B6-4CDB-96FF-9919467E78FB} = {F9AB7488-C21B-4A0B-AE84-56A51DA786A2}
		{16805485-EBB8-42AC-8A8A-533E38CC7C8C} = {F9AB7488-C21B-4A0B-AE84-56A51DA786A2}
		{F9AB7488-C21B-4A0B-AE84-56A51DA786A2} = {DDFB3E27-CFA0-4E7F-9058-FA3E7F16441D}
		{A2260523-4920-4A76-A948-9EDADC3EDBF2} = {DDFB3E27-CFA0-4E7F-9058-FA3E7F16441D}
		{D38B716E-ED54-422C-9B09-EFC9077109E0} = {DDFB3E27-CFA0-4E7F-9058-FA3E7F16441D}
		{E9187D7E-5291-48BA-A7F0-6A7A62D4512C} = {A2260523-4920-4A76-A948-9EDADC3EDBF2}
		{7F332D38-A169-47BB-BF20-6BFE3A41F7D3} = {A2260523-4920-4A76-A948-9EDADC3EDBF2}
		{77C15513-BFB5-43D7-A35A-C84A68482DC7} = {A2260523-4920-4A76-A948-9EDADC3EDBF2}
		{AA41D91B-D639-4DC0-9418-72C693520B89} = {D38B716E-ED54-422C-9B09-EFC9077109E0}
		{D72E6716-CDF2-4813-9089-D84156200EFF} = {D38B716E-ED54-422C-9B09-EFC9077109E0}
		{12857B0D-62A8-4F5C-9266-E98335533E62} = {D38B716E-ED54-422C-9B09-EFC9077109E0}
		{2F0A33CA-D7D1-4F3A-A0FD-0D4707D31324} = {D38B716E-ED54-422C-9B09-EFC9077109E0}
		{FCA13B95-7018-464C-BE9C-638D3FE03541} = {A2260523-4920-4A76-A948-9EDADC3EDBF2}
	EndGlobalSection
	GlobalSection(ExtensibilityGlobals) = postSolution
		SolutionGuid = {EA59A2F1-8A9B-48D6-8804-2EE02F309FA8}
	EndGlobalSection
EndGlobal
